
Microsoft Visual Studio Solution File, Format Version 12.00
# Visual Studio Version 17
VisualStudioVersion = 17.7.34202.233
MinimumVisualStudioVersion = 10.0.40219.1
Project("{FAE04EC0-301F-11D3-BF4B-00C04F79EFBC}") = "Ejercicio1_Condicionales_Prog", "Ejercicio1_Condicionales_Prog\Ejercicio1_Condicionales_Prog.csproj", "{141D359C-FD5E-465D-8921-956B58748239}"
EndProject
Global
	GlobalSection(SolutionConfigurationPlatforms) = preSolution
		Debug|Any CPU = Debug|Any CPU
		Release|Any CPU = Release|Any CPU
	EndGlobalSection
	GlobalSection(ProjectConfigurationPlatforms) = postSolution
		{141D359C-FD5E-465D-8921-956B58748239}.Debug|Any CPU.ActiveCfg = Debug|Any CPU
		{141D359C-FD5E-465D-8921-956B58748239}.Debug|Any CPU.Build.0 = Debug|Any CPU
		{141D359C-FD5E-465D-8921-956B58748239}.Release|Any CPU.ActiveCfg = Release|Any CPU
		{141D359C-FD5E-465D-8921-956B58748239}.Release|Any CPU.Build.0 = Release|Any CPU
	EndGlobalSection
	GlobalSection(SolutionProperties) = preSolution
		HideSolutionNode = FALSE
	EndGlobalSection
	GlobalSection(ExtensibilityGlobals) = postSolution
		SolutionGuid = {4B45336B-BD50-49A1-A619-3ADEFB38CF29}
	EndGlobalSection
EndGlobal
